
Microsoft Visual Studio Solution File, Format Version 12.00
# Visual Studio Version 17
VisualStudioVersion = 17.11.35303.130
MinimumVisualStudioVersion = 10.0.40219.1
Project("{FAE04EC0-301F-11D3-BF4B-00C04F79EFBC}") = "TaxisDb.Domain", "TaxisDb.Domain\TaxisDb.Domain.csproj", "{F2470E50-B61F-40C8-80D4-9C8A54A9F699}"
EndProject
Project("{FAE04EC0-301F-11D3-BF4B-00C04F79EFBC}") = "TaxisDb.Aplication", "TaxisDb.Aplication\TaxisDb.Aplication.csproj", "{90306E11-6C1D-4DBC-A0F8-002AAAE4D80F}"
EndProject
Project("{FAE04EC0-301F-11D3-BF4B-00C04F79EFBC}") = "TaxisDb.Persistence", "TaxisDb.Persistence\TaxisDb.Persistence.csproj", "{299779EA-7EE0-40A4-A8D6-5C560F8A5B3E}"
EndProject
Project("{FAE04EC0-301F-11D3-BF4B-00C04F79EFBC}") = "TaxisDb.Web", "TaxisDb.Web\TaxisDb.Web.csproj", "{7C961A93-18EF-482C-AAAE-9E91FF918F3B}"
EndProject
Project("{FAE04EC0-301F-11D3-BF4B-00C04F79EFBC}") = "TaxisDb.API", "TaxisDb.API\TaxisDb.API.csproj", "{35FAC0D0-0032-43CB-A8BB-15CA2F7140AA}"
EndProject
Global
	GlobalSection(SolutionConfigurationPlatforms) = preSolution
		Debug|Any CPU = Debug|Any CPU
		Release|Any CPU = Release|Any CPU
	EndGlobalSection
	GlobalSection(ProjectConfigurationPlatforms) = postSolution
		{F2470E50-B61F-40C8-80D4-9C8A54A9F699}.Debug|Any CPU.ActiveCfg = Debug|Any CPU
		{F2470E50-B61F-40C8-80D4-9C8A54A9F699}.Debug|Any CPU.Build.0 = Debug|Any CPU
		{F2470E50-B61F-40C8-80D4-9C8A54A9F699}.Release|Any CPU.ActiveCfg = Release|Any CPU
		{F2470E50-B61F-40C8-80D4-9C8A54A9F699}.Release|Any CPU.Build.0 = Release|Any CPU
		{90306E11-6C1D-4DBC-A0F8-002AAAE4D80F}.Debug|Any CPU.ActiveCfg = Debug|Any CPU
		{90306E11-6C1D-4DBC-A0F8-002AAAE4D80F}.Debug|Any CPU.Build.0 = Debug|Any CPU
		{90306E11-6C1D-4DBC-A0F8-002AAAE4D80F}.Release|Any CPU.ActiveCfg = Release|Any CPU
		{90306E11-6C1D-4DBC-A0F8-002AAAE4D80F}.Release|Any CPU.Build.0 = Release|Any CPU
		{299779EA-7EE0-40A4-A8D6-5C560F8A5B3E}.Debug|Any CPU.ActiveCfg = Debug|Any CPU
		{299779EA-7EE0-40A4-A8D6-5C560F8A5B3E}.Debug|Any CPU.Build.0 = Debug|Any CPU
		{299779EA-7EE0-40A4-A8D6-5C560F8A5B3E}.Release|Any CPU.ActiveCfg = Release|Any CPU
		{299779EA-7EE0-40A4-A8D6-5C560F8A5B3E}.Release|Any CPU.Build.0 = Release|Any CPU
		{7C961A93-18EF-482C-AAAE-9E91FF918F3B}.Debug|Any CPU.ActiveCfg = Debug|Any CPU
		{7C961A93-18EF-482C-AAAE-9E91FF918F3B}.Debug|Any CPU.Build.0 = Debug|Any CPU
		{7C961A93-18EF-482C-AAAE-9E91FF918F3B}.Release|Any CPU.ActiveCfg = Release|Any CPU
		{7C961A93-18EF-482C-AAAE-9E91FF918F3B}.Release|Any CPU.Build.0 = Release|Any CPU
		{35FAC0D0-0032-43CB-A8BB-15CA2F7140AA}.Debug|Any CPU.ActiveCfg = Debug|Any CPU
		{35FAC0D0-0032-43CB-A8BB-15CA2F7140AA}.Debug|Any CPU.Build.0 = Debug|Any CPU
		{35FAC0D0-0032-43CB-A8BB-15CA2F7140AA}.Release|Any CPU.ActiveCfg = Release|Any CPU
		{35FAC0D0-0032-43CB-A8BB-15CA2F7140AA}.Release|Any CPU.Build.0 = Release|Any CPU
	EndGlobalSection
	GlobalSection(SolutionProperties) = preSolution
		HideSolutionNode = FALSE
	EndGlobalSection
	GlobalSection(ExtensibilityGlobals) = postSolution
		SolutionGuid = {F29402B9-7FAA-4402-91EB-36A0256AB2F9}
	EndGlobalSection
EndGlobal
